
Microsoft Visual Studio Solution File, Format Version 12.00
# Visual Studio Version 16
VisualStudioVersion = 16.0.32126.315
MinimumVisualStudioVersion = 10.0.40219.1
Project("{8BC9CEB8-8B4A-11D0-8D11-00A0C91BC942}") = "Lab2", "Lab2.vcxproj", "{59B8CCD3-DEF0-4E57-82AB-B112356332DD}"
EndProject
Global
	GlobalSection(SolutionConfigurationPlatforms) = preSolution
		Debug|x64 = Debug|x64
		Debug|x86 = Debug|x86
		Release|x64 = Release|x64
		Release|x86 = Release|x86
	EndGlobalSection
	GlobalSection(ProjectConfigurationPlatforms) = postSolution
		{59B8CCD3-DEF0-4E57-82AB-B112356332DD}.Debug|x64.ActiveCfg = Debug|x64
		{59B8CCD3-DEF0-4E57-82AB-B112356332DD}.Debug|x64.Build.0 = Debug|x64
		{59B8CCD3-DEF0-4E57-82AB-B112356332DD}.Debug|x86.ActiveCfg = Debug|Win32
		{59B8CCD3-DEF0-4E57-82AB-B112356332DD}.Debug|x86.Build.0 = Debug|Win32
		{59B8CCD3-DEF0-4E57-82AB-B112356332DD}.Release|x64.ActiveCfg = Release|x64
		{59B8CCD3-DEF0-4E57-82AB-B112356332DD}.Release|x64.Build.0 = Release|x64
		{59B8CCD3-DEF0-4E57-82AB-B112356332DD}.Release|x86.ActiveCfg = Release|Win32
		{59B8CCD3-DEF0-4E57-82AB-B112356332DD}.Release|x86.Build.0 = Release|Win32
	EndGlobalSection
	GlobalSection(SolutionProperties) = preSolution
		HideSolutionNode = FALSE
	EndGlobalSection
	GlobalSection(ExtensibilityGlobals) = postSolution
		SolutionGuid = {3C64ADD6-FF0E-4E3F-9F1D-E37EEDD444E2}
	EndGlobalSection
EndGlobal
